dario.cat/mergo v1.0.1 h1:Ra4+bf83h2ztPIQYNP99R6m+Y7KfnARDfID+a+vLl4s=
dario.cat/mergo v1.0.1/go.mod h1:uNxQE+84aUszobStD9th8a29P2fMDhsBdgRYvZOxGmk=
github.com/ggsrc/gopkg/env v0.0.0-20240903064152-9f6f12ae741c h1:VEp2U+M7FixOmvwmNcSrCezAw6FwH4/VgypDt5DaAVk=
github.com/ggsrc/gopkg/env v0.0.0-20240903064152-9f6f12ae741c/go.mod h1:vR1JUpasBLX/RCfELbdHazmUfnAOaN3ShLSnL1Mvau0=
github.com/grafana/pyroscope-go v1.1.2 h1:7vCfdORYQMCxIzI3NlYAs3FcBP760+gWuYWOyiVyYx8=
github.com/grafana/pyroscope-go v1.1.2/go.mod h1:HSSmHo2KRn6FasBA4vK7BMiQqyQq8KSuBKvrhkXxYPU=
github.com/grafana/pyroscope-go/godeltaprof v0.1.8 h1:iwOtYXeeVSAeYefJNaxDytgjKtUuKQbJqgAIjlnicKg=
github.com/grafana/pyroscope-go/godeltaprof v0.1.8/go.mod h1:2+l7K7twW49Ct4wFluZD3tZ6e0SjanjcUUBPVD/UuGU=
github.com/kelseyhightower/envconfig v1.4.0 h1:Im6hONhd3pLkfDFsbRgu68RDNkGF1r3dvMUtDTo2cv8=
github.com/kelseyhightower/envconfig v1.4.0/go.mod h1:cccZRl6mQpaq41TPp5QxidR+Sa3axMbJDNb//FQX6Gg=
github.com/klauspost/compress v1.17.8 h1:YcnTYrq7MikUT7k0Yb5eceMmALQPYBW/Xltxn0NAMnU=
github.com/klauspost/compress v1.17.8/go.mod h1:Di0epgTjJY877eYKx5yC51cX2A2Vl2ibi7bDH9ttBbw=
gopkg.in/check.v1 v0.0.0-20161208181325-20d25e280405/go.mod h1:Co6ibVJAznAaIkqp8huTwlJQCZ016jof/cbN4VW5Yz0=
gopkg.in/yaml.v3 v3.0.1 h1:fxVm/GzAzEWqLHuvctI91KS9hhNmmWOoWu0XTYJS7CA=
gopkg.in/yaml.v3 v3.0.1/go.mod h1:K4uyk7z7BCEPqu6E+C64Yfv1cQ7kz7rIZviUmN+EgEM=
